filippo.io/edwards25519 v1.0.0-rc.1 h1:m0VOOB23frXZvAOK44usCgLWvtsxIoMCTBGJZlpmGfU=
filippo.io/edwards25519 v1.0.0-rc.1/go.mod h1:N1IkdkCkiLB6tki+MYJoSx2JTY9NUlxZE7eHn5EwJns=
github.com/42wim/go-gitter v0.0.0-20170828205020-017310c2d557 h1:IZtuWGfzQnKnCSu+vl8WGLhpVQ5Uvy3rlSwqXSg+sQg=
github.com/42wim/go-gitter v0.0.0-20170828205020-017310c2d557/go.mod h1:jL0YSXMs/txjtGJ4PWrmETOk6KUHMDPMshgQZlTeB3Y=
github.com/Benau/go_rlottie v0.0.0-20210807002906-98c1b2421989 h1:+wrfJITuBoQOE6ST4k3c4EortNVQXVhfAbwt0M/j0+Y=
github.com/Benau/go_rlottie v0.0.0-20210807002906-98c1b2421989/go.mod h1:aDWSWjsayFyGTvHZH3v4ijGXEBe51xcEkAK+NUWeOeo=
github.com/Benau/tgsconverter v0.0.0-20210809170556-99f4a4f6337f h1:aUkwZDEMJIGRcWlSDifSLoKG37UCOH/DPeG52/xwois=
github.com/Benau/tgsconverter v0.0.0-20210809170556-99f4a4f6337f/go.mod h1:AQiQKKI/YIIctvDt3hI3c1S05/JXMM7v/sQcRd0paVE=
github.com/Jeffail/gabs v1.4.0 h1://5fYRRTq1edjfIrQGvdkcd22pkYUrHZ5YC/H2GJVAo=
github.com/Jeffail/gabs v1.4.0/go.mod h1:6xMvQMK4k33lb7GUUpaAPh6nKMmemQeg5d4gn7/bOXc=
github.com/Philipp15b/go-steam v1.0.1-0.20200727090957-6ae9b3c0a560 h1:ItnC9PEEMESzTbFayxrhKBbuFQOXDBI8yy7NudTcEWs=
github.com/Philipp15b/go-steam v1.0.1-0.20200727090957-6ae9b3c0a560/go.mod h1:o38AwUFFS4gzbjSoyIgrZ1h9UeDrKwcci1Pj6baifvI=
github.com/Rhymen/go-whatsapp v0.1.2-0.20211102134409-31a2e740845c/go.mod h1:DNSFRLFDFIqm2+0aJzSOVfn25020vldM4SRqz6YtLgI=
github.com/SevereCloud/vksdk/v2 v2.13.1 h1:D11NaP275mW01v2hRF0ycDHdJaIyZEvasZV4MSkg5Sk=
github.com/SevereCloud/vksdk/v2 v2.13.1/go.mod h1:UyOgSj/CYt2dByu3Fyf/y1yT1NoahVi4zECvvrbtPU4=
github.com/apex/log v1.9.0 h1:FHtw/xuaM8AgmvDDTI9fiwoAL25Sq2cxojnZICUU8l0=
github.com/apex/log v1.9.0/go.mod h1:m82fZlWIuiWzWP04XCTXmnX0xRkYYbCdYn8jbJeLBEA=
github.com/av-elier/go-decimal-to-rational v0.0.0-20191127152832-89e6aad02ecf h1:csfEAyvOG4/498Q4SyF48ysFqQC9ESj3o8ppRtg+Rog=
github.com/av-elier/go-decimal-to-rational v0.0.0-20191127152832-89e6aad02ecf/go.mod h1:POPnOeaYF7U9o3PjLTb9icRfEOxjBNLRXh9BLximJGM=
github.com/blang/semver v3.5.1+incompatible h1:cQNTCjp13qL8KC3Nbxr/y2Bqb63oX6wdnnjpJbkM4JQ=
github.com/blang/semver v3.5.1+incompatible/go.mod h1:kRBLl5iJ+tD4TcOOxsy/0fnwebNt5EWlYSAyrTnjyyk=
github.com/bwmarrin/discordgo v0.24.0 h1:Gw4MYxqHdvhO99A3nXnSLy97z5pmIKHZVJ1JY5ZDPqY=
github.com/bwmarrin/discordgo v0.24.0/go.mod h1:NJZpH+1AfhIcyQsPeuBKsUtYrRnjkyu0kIVMCHkZtRY=
github.com/d5/tengo/v2 v2.10.1 h1:Z7vmTAQfdoExNEB9kxgqxvoBBW9bf+8uYMiDyriX5HM=
github.com/d5/tengo/v2 v2.10.1/go.mod h1:XRGjEs5I9jYIKTxly6HCF8oiiilk5E/RYXOZ5b0DZC8=
github.com/davecgh/go-spew v1.1.1 h1:vj9j/u1bqnvCEfJOwUhtlOARqs3+rkHYY13jYWTU97c=
github.com/davecgh/go-spew v1.1.1/go.mod h1:J7Y8YcW2NihsgmVo/mv3lAwl/skON4iLHjSsI+c5H38=
github.com/dustin/go-humanize v1.0.0 h1:VSnTsYCnlFHaM2/igO1h6X3HA71jcobQuxemgkq4zYo=
github.com/dustin/go-humanize v1.0.0/go.mod h1:HtrtbFcZ19U5GC7JDqmcUSB87Iq5E25KnS6fMYU6eOk=
github.com/dyatlov/go-opengraph v0.0.0-20210112100619-dae8665a5b09 h1:AQLr//nh20BzN3hIWj2+/Gt3FwSs8Nwo/nz4hMIcLPg=
github.com/dyatlov/go-opengraph v0.0.0-20210112100619-dae8665a5b09/go.mod h1:nYia/MIs9OyvXXYboPmNOj0gVWo97Wx0sde+ZuKkoM4=
github.com/francoispqt/gojay v1.2.13 h1:d2m3sFjloqoIUQU3TsHBgj6qg/BVGlTBeHDUmyJnXKk=
github.com/francoispqt/gojay v1.2.13/go.mod h1:ehT5mTG4ua4581f1++1WLG0vPdaA9HaiDsoyrBGkyDY=
github.com/fsnotify/fsnotify v1.5.1 h1:mZcQUHVQUQWoPXXtuf9yuEXKudkV2sx1E06UadKWpgI=
github.com/fsnotify/fsnotify v1.5.1/go.mod h1:T3375wBYaZdLLcVNkcVbzGHY7f1l/uK5T5Ai1i3InKU=
github.com/go-asn1-ber/asn1-ber v1.5.3 h1:u7utq56RUFiynqUzgVMFDymapcOtQ/MZkh3H4QYkxag=
github.com/go-asn1-ber/asn1-ber v1.5.3/go.mod h1:hEBeB/ic+5LoWskz+yKT7vGhhPYkProFKoKdwZRWMe0=
github.com/go-telegram-bot-api/telegram-bot-api/v5 v5.5.1 h1:wG8n/XJQ07TmjbITcGiUaOtXxdrINDz1b0J1w0SzqDc=
github.com/go-telegram-bot-api/telegram-bot-api/v5 v5.5.1/go.mod h1:A2S0CWkNylc2phvKXWBBdD3K0iGnDBGbzRpISP2zBl8=
github.com/golang-jwt/jwt v3.2.2+incompatible h1:IfV12K8xAKAnZqdXVzCZ+TOjboZ2keLg81eXfW3O+oY=
github.com/golang-jwt/jwt v3.2.2+incompatible/go.mod h1:8pz2t5EyA70fFQQSrl6XZXzqecmYZeUEB8OUGHkxJ+I=
github.com/golang/protobuf v1.5.2 h1:ROPKBNFfQgOUMifHyP+KYbvpjbdoFNs+aK7DXlji0Tw=
github.com/golang/protobuf v1.5.2/go.mod h1:XVQd3VNwM+JqD3oG2Ue2ip4fOMUkwXdXDdiuN0vRsmY=
github.com/gomarkdown/markdown v0.0.0-20220310201231-552c6011c0b8 h1:YVvt637ygnOO9qjLBVmPOvrUmCz/i8YECSu/8UlOQW0=
github.com/gomarkdown/markdown v0.0.0-20220310201231-552c6011c0b8/go.mod h1:JDGcbDT52eL4fju3sZ4TeHGsQwhG9nbDV21aMyhwPoA=
github.com/google/gops v0.3.22 h1:lyvhDxfPLHAOR2xIYwjPhN387qHxyU21Sk9sz/GhmhQ=
github.com/google/gops v0.3.22/go.mod h1:7diIdLsqpCihPSX3fQagksT/Ku/y4RL9LHTlKyEUDl8=
github.com/google/uuid v1.3.0 h1:t6JiXgmwXMjEs8VusXIJk2BXHsn+wx8BZdTaoZ5fu7I=
github.com/google/uuid v1.3.0/go.mod h1:TIyPZe4MgqvfeYDBFedMoGGpEw/LqOeaOT+nhxU+yHo=
github.com/gopackage/ddp v0.0.3 h1:fd0DxScoiS+ogq22ktey6DjDSDybtJPAn69geMpUtFc=
github.com/gopackage/ddp v0.0.3/go.mod h1:3hUXYG6C/6JsoxKsQaK7st09+GP9RZBFPzyAlU/0SLg=
github.com/gorilla/schema v1.2.0 h1:YufUaxZYCKGFuAq3c96BOhjgd5nmXiOY9NGzF247Tsc=
github.com/gorilla/schema v1.2.0/go.mod h1:kgLaKoK1FELgZqMAVxx/5cbj0kT+57qxUrAlIO2eleU=
github.com/gorilla/websocket v1.5.0 h1:PPwGk2jz7EePpoHN/+ClbZu8SPxiqlu12wZP/3sWmnc=
github.com/gorilla/websocket v1.5.0/go.mod h1:YR8l580nyteQvAITg2hZ9XVh4b55+EU/adAjf1fMHhE=
github.com/harmony-development/shibshib v0.0.0-20220101224523-c98059d09cfa h1:0EefSRfsNrdEwmoGVz4+cMG8++5M2XhvJ1tTRmmrJu8=
github.com/harmony-development/shibshib v0.0.0-20220101224523-c98059d09cfa/go.mod h1:+KEOMb29OC2kRa5BajwNM2NEjHTbQA/Z3gKYARLHREI=
github.com/hashicorp/errwrap v1.1.0 h1:OxrOeh75EUXMY8TBjag2fzXGZ40LB6IKw45YeGUDY2I=
github.com/hashicorp/errwrap v1.1.0/go.mod h1:YH+1FKiLXxHSkmPseP+kNlulaMuP3n2brvKWEqk/Jc4=
github.com/hashicorp/go-multierror v1.1.1 h1:H5DkEtf6CXdFp0N0Em5UCwQpXMWke8IA0+lD48awMYo=
github.com/hashicorp/go-multierror v1.1.1/go.mod h1:iw975J/qwKPdAO1clOe2L8331t/9/fmwbPZ6JB6eMoM=
github.com/hashicorp/golang-lru v0.5.4 h1:YDjusn29QI/Das2iO9M0BHnIbxPeyuCHsjMW+lJfyTc=
github.com/hashicorp/golang-lru v0.5.4/go.mod h1:iADmTwqILo4mZ8BN3D2Q6+9jd8WM5uGBxy+E8yxSoD4=
github.com/hashicorp/hcl v1.0.0 h1:0Anlzjpi4vEasTeNFn2mLJgTSwt0+6sfsiTG8qcWGx4=
github.com/hashicorp/hcl v1.0.0/go.mod h1:E5yfLk+7swimpb2L/Alb/PJmXilQ/rhwaUYs4T20WEQ=
github.com/jpillora/backoff v1.0.0 h1:uvFg412JmmHBHw7iwprIxkPMI+sGQ4kzOWsMeHnm2EA=
github.com/jpillora/backoff v1.0.0/go.mod h1:J/6gKK9jxlEcS3zixgDgUAsiuZ7yrSoa/FX5e0EB2j4=
github.com/json-iterator/go v1.1.12 h1:PV8peI4a0ysnczrg+LtxykD8LfKY9ML6u2jnxaEnrnM=
github.com/json-iterator/go v1.1.12/go.mod h1:e30LSqwooZae/UwlEbR2852Gd8hjQvJoHmT4TnhNGBo=
github.com/kballard/go-shellquote v0.0.0-20180428030007-95032a82bc51 h1:Z9n2FFNUXsshfwJMBgNA0RU6/i7WVaAegv3PtuIHPMs=
github.com/kballard/go-shellquote v0.0.0-20180428030007-95032a82bc51/go.mod h1:CzGEWj7cYgsdH8dAjBGEr58BoE7ScuLd+fwFZ44+/x8=
github.com/kettek/apng v0.0.0-20191108220231-414630eed80f h1:dnCYnTSltLuPMfc7dMrkz2uBUcEf/OFBR8yRh3oRT98=
github.com/kettek/apng v0.0.0-20191108220231-414630eed80f/go.mod h1:x78/VRQYKuCftMWS0uK5e+F5RJ7S4gSlESRWI0Prl6Q=
github.com/keybase/go-keybase-chat-bot v0.0.0-20211201215354-ee4b23828b55 h1:4UNIfjcTO4D6RmO7QhXxh4IyM5yANg6pwBldHR4a27w=
github.com/keybase/go-keybase-chat-bot v0.0.0-20211201215354-ee4b23828b55/go.mod h1:0tIbyC7O87PimRbeghiJW5JAsmdKwNmAoNWFczKDZUA=
github.com/klauspost/compress v1.14.2 h1:S0OHlFk/Gbon/yauFJ4FfJJF5V0fc5HbBTJazi28pRw=
github.com/klauspost/compress v1.14.2/go.mod h1:/3/Vjq9QcHkK5uEr5lBEmyoZ1iFhe47etQ6QUkpK6sk=
github.com/klauspost/cpuid/v2 v2.0.9 h1:lgaqFMSdTdQYdZ04uHyN2d/eKdOMyi2YLSvlQIBFYa4=
github.com/klauspost/cpuid/v2 v2.0.9/go.mod h1:FInQzS24/EEf25PyTYn52gqo7WaD8xa0213Md/qVLRg=
github.com/kyokomi/emoji/v2 v2.2.9 h1:UWYkjplPZ4rMPvLxc+/e12/xTqoRcn55oUySkpZ554g=
github.com/kyokomi/emoji/v2 v2.2.9/go.mod h1:JUcn42DTdsXJo1SWanHh4HKDEyPaR5CqkmoirZZP9qE=
github.com/labstack/echo/v4 v4.7.0 h1:8wHgZhoE9OT1NSLw6sfrX7ZGpWMtO5Zlfr68+BIo180=
github.com/labstack/echo/v4 v4.7.0/go.mod h1:xkCDAdFCIf8jsFQ5NnbK7oqaF/yU1A1X20Ltm0OvSks=
github.com/labstack/gommon v0.3.1 h1:OomWaJXm7xR6L1HmEtGyQf26TEn7V6X88mktX9kee9o=
github.com/labstack/gommon v0.3.1/go.mod h1:uW6kP17uPlLJsD3ijUYn3/M5bAxtlZhMI6m3MFxTMTM=
github.com/lrstanley/girc v0.0.0-20211023233735-147f0ff77566 h1:tseAo8DbdhZa+PLuJW0p/P8b7I9LUiVpIpboAHkLsoM=
github.com/lrstanley/girc v0.0.0-20211023233735-147f0ff77566/go.mod h1:liX5MxHPrwgHaKowoLkYGwbXfYABh1jbZ6FpElbGF1I=
github.com/magiconair/properties v1.8.5 h1:b6kJs+EmPFMYGkow9GiUyCyOvIwYetYJ3fSaWak/Gls=
github.com/magiconair/properties v1.8.5/go.mod h1:y3VJvCyxH9uVvJTWEGAELF3aiYNyPKd5NZ3oSwXrF60=
github.com/matterbridge/Rocket.Chat.Go.SDK v0.0.0-20211016222428-79310a412696 h1:pmPKkN3RJM9wVMZidR99epzK0+gatQiqVtvP1FacZcQ=
github.com/matterbridge/Rocket.Chat.Go.SDK v0.0.0-20211016222428-79310a412696/go.mod h1:c6MxwqHD+0HvtAJjsHMIdPCiAwGiQwPRPTp69ACMg8A=
github.com/matterbridge/go-xmpp v0.0.0-20211030125215-791a06c5f1be h1:zlirT+LngOJ60G6FVzI87DljGZLUnfNzmXja61EjtYM=
github.com/matterbridge/go-xmpp v0.0.0-20211030125215-791a06c5f1be/go.mod h1:ECDRehsR9TYTKCAsRS8/wLeOk6UUqDydw47ln7wG41Q=
github.com/matterbridge/gomatrix v0.0.0-20220205235239-607eb9ee6419 h1:dx8x2J3EsVwP3hBGNmVT/otz4b42p7TRQ6Cu4BK2910=
github.com/matterbridge/gomatrix v0.0.0-20220205235239-607eb9ee6419/go.mod h1:/x38AoZf70fK9yZ5gs3BNCaF7/J4QEo4ZpwtLjX95eQ=
github.com/matterbridge/gozulipbot v0.0.0-20211023205727-a19d6c1f3b75 h1:GslZKF7lW7oSisycGLpxPO+TnKJuA4VZuTWIfYZrClc=
github.com/matterbridge/gozulipbot v0.0.0-20211023205727-a19d6c1f3b75/go.mod h1:yAjnZ34DuDyPHMPHHjOsTk/FefW4JJjoMMCGt/8uuQA=
github.com/matterbridge/logrus-prefixed-formatter v0.5.3-0.20200523233437-d971309a77ba h1:XleOY4IjAEIcxAh+IFwT5JT5Ze3RHiYz6m+4ZfZ0rc0=
github.com/matterbridge/logrus-prefixed-formatter v0.5.3-0.20200523233437-d971309a77ba/go.mod h1:iXGEotOvwI1R1SjLxRc+BF5rUORTMtE0iMZBT2lxqAU=
github.com/matterbridge/matterclient v0.0.0-20211107234719-faca3cd42315 h1:vkdXJ8GsuIR0JH9e4eHomVliTou08PMqAImZNBlLd/A=
github.com/matterbridge/matterclient v0.0.0-20211107234719-faca3cd42315/go.mod h1:Gh3tFUjkcPIBBeEkfXBbGio4ONMMKNmlmGECvXLY0TE=
github.com/mattermost/go-i18n v1.11.1-0.20211013152124-5c415071e404 h1:Khvh6waxG1cHc4Cz5ef9n3XVCxRWpAKUtqg9PJl5+y8=
github.com/mattermost/go-i18n v1.11.1-0.20211013152124-5c415071e404/go.mod h1:RyS7FDNQlzF1PsjbJWHRI35exqaKGSO9qD4iv8QjE34=
github.com/mattermost/ldap v0.0.0-20201202150706-ee0e6284187d h1:/RJ/UV7M5c7L2TQ0KNm4yZxxFvC1nvRz/gY/Daa35aI=
github.com/mattermost/ldap v0.0.0-20201202150706-ee0e6284187d/go.mod h1:HLbgMEI5K131jpxGazJ97AxfPDt31osq36YS1oxFQPQ=
github.com/mattermost/logr v1.0.13 h1:6F/fM3csvH6Oy5sUpJuW7YyZSzZZAhJm5VcgKMxA2P8=
github.com/mattermost/logr v1.0.13/go.mod h1:Mt4DPu1NXMe6JxPdwCC0XBoxXmN9eXOIRPoZarU2PXs=
github.com/mattermost/logr/v2 v2.0.15 h1:+WNbGcsc3dBao65eXlceB6dTILNJRIrvubnsTl3zBew=
github.com/mattermost/logr/v2 v2.0.15/go.mod h1:mpPp935r5dIkFDo2y9Q87cQWhFR/4xXpNh0k/y8Hmwg=
github.com/mattermost/mattermost-server/v5 v5.39.3 h1:A5z/NlR4Xcwxx5UnlaNgUGP5hgj4KOV/CwpFg3OtlvQ=
github.com/mattermost/mattermost-server/v5 v5.39.3/go.mod h1:MDmVSmsSsqwNkuZ7rQ0osuXVCzrR1IUqGR7I0QU91sY=
github.com/mattermost/mattermost-server/v6 v6.4.2 h1:UyrYoBYrV7dB7JWSEOPXKZaTyYZE2PRDysqx/54ayng=
github.com/mattermost/mattermost-server/v6 v6.4.2/go.mod h1:5dOl/bx4N9iTytZ4p44xfGiOiZelbdap42FbEjmN+FU=
github.com/mattn/go-colorable v0.1.12 h1:jF+Du6AlPIjs2BiUiQlKOX0rt3SujHxPnksPKZbaA40=
github.com/mattn/go-colorable v0.1.12/go.mod h1:u5H1YNBxpqRaxsYJYSkiCWKzEfiAb1Gb520KVy5xxl4=
github.com/mattn/go-isatty v0.0.14 h1:yVuAays6BHfxijgZPzw+3Zlu5yQgKGP2/hcQbHb7S9Y=
github.com/mattn/go-isatty v0.0.14/go.mod h1:7GGIvUiUoEMVVmxf/4nioHXj79iQHKdU27kJ6hsGG94=
github.com/mattn/go-runewidth v0.0.13 h1:lTGmDsbAYt5DmK6OnoV7EuIF1wEIFAcxld6ypU4OSgU=
github.com/mattn/go-runewidth v0.0.13/go.mod h1:Jdepj2loyihRzMpdS35Xk/zdY8IAYHsh153qUoGf23w=
github.com/mattn/godown v0.0.1 h1:39uk50ufLVQFs0eapIJVX5fCS74a1Fs2g5f1MVqIHdE=
github.com/mattn/godown v0.0.1/go.mod h1:/ivCKurgV/bx6yqtP/Jtc2Xmrv3beCYBvlfAUl4X5g4=
github.com/mdp/qrterminal v1.0.1 h1:07+fzVDlPuBlXS8tB0ktTAyf+Lp1j2+2zK3fBOL5b7c=
github.com/mdp/qrterminal v1.0.1/go.mod h1:Z33WhxQe9B6CdW37HaVqcRKzP+kByF3q/qLxOGe12xQ=
github.com/mgutz/ansi v0.0.0-20200706080929-d51e80ef957d h1:5PJl274Y63IEHC+7izoQE9x6ikvDFZS2mDVS3drnohI=
github.com/mgutz/ansi v0.0.0-20200706080929-d51e80ef957d/go.mod h1:01TrycV0kFyexm33Z7vhZRXopbI8J3TDReVlkTgMUxE=
github.com/minio/md5-simd v1.1.2 h1:Gdi1DZK69+ZVMoNHRXJyNcxrMA4dSxoYHZSQbirFg34=
github.com/minio/md5-simd v1.1.2/go.mod h1:MzdKDxYpY2BT9XQFocsiZf/NKVtR7nkE4RoEpN+20RM=
github.com/minio/minio-go/v7 v7.0.16 h1:GspaSBS8lOuEUCAqMe0W3UxSoyOA4b4F8PTspRVI+k4=
github.com/minio/minio-go/v7 v7.0.16/go.mod h1:pUV0Pc+hPd1nccgmzQF/EXh48l/Z/yps6QPF1aaie4g=
github.com/minio/sha256-simd v1.0.0 h1:v1ta+49hkWZyvaKwrQB8elexRqm6Y0aMLjCNsrYxo6g=
github.com/minio/sha256-simd v1.0.0/go.mod h1:OuYzVNI5vcoYIAmbIvHPl3N3jUzVedXbKy5RFepssQM=
github.com/mistifyio/go-zfs v2.1.2-0.20190413222219-f784269be439+incompatible/go.mod h1:8AuVvqP/mXw1px98n46wfvcGfQ4ci2FwoAjKYxuo3Z4=
github.com/mitchellh/cli v1.0.0/go.mod h1:hNIlj7HEI86fIcpObd7a0FcrxTWetlwJDGcceTlRvqc=
github.com/mitchellh/cli v1.1.0/go.mod h1:xcISNoH86gajksDmfB23e/pu+B+GeFRMYmoHXxx3xhI=
github.com/mitchellh/go-homedir v1.0.0/go.mod h1:SfyaCUpYCn1Vlf4IUYiD9fPX4A5wJrkLzIz1N1q0pr0=
github.com/mistifyio/go-zfs v2.1.2-0.20190413222219-f784269be439+incompatible/go.mod h1:8AuVvqP/mXw1px98n46wfvcGfQ4ci2FwoAjKYxuo3Z4=
github.com/mitchellh/cli v1.0.0/go.mod h1:hNIlj7HEI86fIcpObd7a0FcrxTWetlwJDGcceTlRvqc=
github.com/mitchellh/cli v1.1.0/go.mod h1:xcISNoH86gajksDmfB23e/pu+B+GeFRMYmoHXxx3xhI=
github.com/mitchellh/go-homedir v1.0.0/go.mod h1:SfyaCUpYCn1Vlf4IUYiD9fPX4A5wJrkLzIz1N1q0pr0=
github.com/mitchellh/go-homedir v1.1.0 h1:lukF9ziXFxDFPkA1vsr5zpc1XuPDn/wFntq5mG+4E0Y=
github.com/mitchellh/go-homedir v1.1.0/go.mod h1:SfyaCUpYCn1Vlf4IUYiD9fPX4A5wJrkLzIz1N1q0pr0=
github.com/mitchellh/mapstructure v1.4.3 h1:OVowDSCllw/YjdLkam3/sm7wEtOy59d8ndGgCcyj8cs=
github.com/mitchellh/mapstructure v1.4.3/go.mod h1:bFUtVrKA4DC2yAKiSyO/QUcy7e+RRV2QTWOzhPopBRo=
github.com/modern-go/concurrent v0.0.0-20180306012644-bacd9c7ef1dd h1:TRLaZ9cD/w8PVh93nsPXa1VrQ6jlwL5oN8l14QlcNfg=
github.com/modern-go/concurrent v0.0.0-20180306012644-bacd9c7ef1dd/go.mod h1:6dJC0mAP4ikYIbvyc7fijjWJddQyLn8Ig3JB5CqoB9Q=
github.com/modern-go/reflect2 v1.0.2 h1:xBagoLtFs94CBntxluKeaWgTMpvLxC4ur3nMaC9Gz0M=
github.com/modern-go/reflect2 v1.0.2/go.mod h1:yWuevngMOJpCy52FWWMvUC8ws7m/LJsjYzDa0/r8luk=
github.com/monaco-io/request v1.0.5 h1:QAJb5m1pCPZUGv3zzTZn7GlQI3q+uJWi7fH9QxDGbm4=
github.com/monaco-io/request v1.0.5/go.mod h1:EmggwHktBsbJmCgwZXqy7o0H1NNsAstQBWZrFVd3xtQ=
github.com/mreiferson/go-httpclient v0.0.0-20201222173833-5e475fde3a4d h1:tLWCMSjfL8XyZwpu1RzI2UpJSPbZCOZ6DVHQFnlpL7A=
github.com/mreiferson/go-httpclient v0.0.0-20201222173833-5e475fde3a4d/go.mod h1:OQA4XLvDbMgS8P0CevmM4m9Q3Jq4phKUzcocxuGJ5m8=
github.com/mrexodia/wray v0.0.0-20160318003008-78a2c1f284ff h1:HLGD5/9UxxfEuO9DtP8gnTmNtMxbPyhYltfxsITel8g=
github.com/mrexodia/wray v0.0.0-20160318003008-78a2c1f284ff/go.mod h1:B8jLfIIPn2sKyWr0D7cL2v7tnrDD5z291s2Zypdu89E=
github.com/nelsonken/gomf v0.0.0-20180504123937-a9dd2f9deae9 h1:mp6tU1r0xLostUGLkTspf/9/AiHuVD7ptyXhySkDEsE=
github.com/nelsonken/gomf v0.0.0-20180504123937-a9dd2f9deae9/go.mod h1:A5SRAcpTemjGgIuBq6Kic2yHcoeUFWUinOAlMP/i9xo=
github.com/paulrosania/go-charset v0.0.0-20190326053356-55c9d7a5834c h1:P6XGcuPTigoHf4TSu+3D/7QOQ1MbL6alNwrGhcW7sKw=
github.com/paulrosania/go-charset v0.0.0-20190326053356-55c9d7a5834c/go.mod h1:YnNlZP7l4MhyGQ4CBRwv6ohZTPrUJJZtEv4ZgADkbs4=
github.com/pborman/uuid v1.2.1 h1:+ZZIw58t/ozdjRaXh/3awHfmWRbzYxJoAdNJxe/3pvw=
github.com/pborman/uuid v1.2.1/go.mod h1:X/NO0urCmaxf9VXbdlT7C2Yzkj2IKimNn4k+gtPdI/k=
github.com/pelletier/go-toml v1.9.4 h1:tjENF6MfZAg8e4ZmZTeWaWiT2vXtsoO6+iuOjFhECwM=
github.com/pelletier/go-toml v1.9.4/go.mod h1:u1nR/EPcESfeI/szUZKdtJ0xRNbUoANCkoOuaOx1Y+c=
github.com/philhofer/fwd v1.1.1 h1:GdGcTjf5RNAxwS4QLsiMzJYj5KEvPJD3Abr261yRQXQ=
github.com/philhofer/fwd v1.1.1/go.mod h1:gk3iGcWd9+svBvR0sR+KPcfE+RNWozjowpeBVG3ZVNU=
github.com/pkg/errors v0.9.1 h1:FEBLx1zS214owpjy7qsBeixbURkuhQAwrK5UwLGTwt4=
github.com/pkg/errors v0.9.1/go.mod h1:bwawxfHBFNV+L2hUp1rHADufV3IMtnDRdf1r5NINEl0=
github.com/pmezard/go-difflib v1.0.0 h1:4DBwDE0NGyQoBHbLQYPwSUPoCMWR5BEzIk/f1lZbAQM=
github.com/pmezard/go-difflib v1.0.0/go.mod h1:iKH77koFhYxTK1pcRnkKkqfTogsbg7gZNVY4sRDYZ/4=
github.com/remyoudompheng/bigfft v0.0.0-20200410134404-eec4a21b6bb0 h1:OdAsTTz6OkFY5QxjkYwrChwuRruF69c169dPK26NUlk=
github.com/remyoudompheng/bigfft v0.0.0-20200410134404-eec4a21b6bb0/go.mod h1:qqbHyh8v60DhA7CoWK5oRCqLrMHRGoxYCSS9EjAz6Eo=
github.com/rickb777/date v1.12.4 h1:+6IzcCCS/1t17DrmnEvrznyq7nM8vPwir6/UhlyohKw=
github.com/rickb777/date v1.12.4/go.mod h1:xP0eo/I5qmUt97yRGClHZfyLZ3ikMw6v6SU5MOGZTE0=
github.com/rickb777/plural v1.2.0 h1:5tvEc7UBCZ7l8h/2UeybSkt/uu1DQsZFOFdNevmUhlE=
github.com/rickb777/plural v1.2.0/go.mod h1:UdpyWFCGbo3mvK3f/PfZOAOrkjzJlYN/sD46XNWJ+Es=
github.com/rivo/uniseg v0.2.0 h1:S1pD9weZBuJdFmowNwbpi7BJ8TNftyUImj/0WQi72jY=
github.com/rivo/uniseg v0.2.0/go.mod h1:J6wj4VEh+S6ZtnVlnTBMWIodfgj8LQOQFoIToxlJtxc=
github.com/rs/xid v1.3.0 h1:6NjYksEUlhurdVehpc7S7dk6DAmcKv8V9gG0FsVN2U4=
github.com/rs/xid v1.3.0/go.mod h1:trrq9SKmegXys3aeAKXMUTdJsYXVwGY3RLcfgqegfbg=
github.com/russross/blackfriday v1.6.0 h1:KqfZb0pUVN2lYqZUYRddxF4OR8ZMURnJIG5Y3VRLtww=
github.com/russross/blackfriday v1.6.0/go.mod h1:ti0ldHuxg49ri4ksnFxlkCfN+hvslNlmVHqNRXXJNAY=
github.com/saintfish/chardet v0.0.0-20120816061221-3af4cd4741ca h1:NugYot0LIVPxTvN8n+Kvkn6TrbMyxQiuvKdEwFdR9vI=
github.com/saintfish/chardet v0.0.0-20120816061221-3af4cd4741ca/go.mod h1:uugorj2VCxiV1x+LzaIdVa9b4S4qGAcH6cbhh4qVxOU=
github.com/shazow/rateio v0.0.0-20200113175441-4461efc8bdc4 h1:zwQ1HBo5FYwn1ksMd19qBCKO8JAWE9wmHivEpkw/DvE=
github.com/shazow/rateio v0.0.0-20200113175441-4461efc8bdc4/go.mod h1:vt2jWY/3Qw1bIzle5thrJWucsLuuX9iUNnp20CqCciI=
github.com/shazow/ssh-chat v1.10.1 h1:ePS+ngEYqm+yUuXegDPutysqLV2WoI22XDOeRgI6CE0=
github.com/shazow/ssh-chat v1.10.1/go.mod h1:0+7szsKylcre0vljkVnbuI6q7Odtc+QCDHxa+fFNV54=
github.com/sirupsen/logrus v1.8.1 h1:dJKuHgqk1NNQlqoA6BTlM1Wf9DOH3NBjQyu0h9+AZZE=
github.com/sirupsen/logrus v1.8.1/go.mod h1:yWOB1SBYBC5VeMP7gHvWumXLIWorT60ONWic61uBYv0=
github.com/sizeofint/webpanimation v0.0.0-20210809145948-1d2b32119882 h1:A7o8tOERTtpD/poS+2VoassCjXpjHn916luXbf5QKD0=
github.com/sizeofint/webpanimation v0.0.0-20210809145948-1d2b32119882/go.mod h1:5IwJoz9Pw7JsrCN4/skkxUtSWT7myuUPLhCgv6Q5vvQ=
github.com/slack-go/slack v0.10.2 h1:KMN/h2sgUninHXvQI8PrR/PHBUuWp2NPvz2Kr66tki4=
github.com/slack-go/slack v0.10.2/go.mod h1:5FLdBRv7VW/d9EBxx/eEktOptWygbA9K2QK/KW7ds1s=
github.com/spf13/afero v1.6.0 h1:xoax2sJ2DT8S8xA2paPFjDCScCNeWsg75VG0DLRreiY=
github.com/spf13/afero v1.6.0/go.mod h1:Ai8FlHk4v/PARR026UzYexafAt9roJ7LcLMAmO6Z93I=
github.com/spf13/cast v1.4.1 h1:s0hze+J0196ZfEMTs80N7UlFt0BDuQ7Q+JDnHiMWKdA=
github.com/spf13/cast v1.4.1/go.mod h1:Qx5cxh0v+4UWYiBimWS+eyWzqEqokIECu5etghLkUJE=
github.com/spf13/jwalterweatherman v1.1.0 h1:ue6voC5bR5F8YxI5S67j9i582FU4Qvo2bmqnqMYADFk=
github.com/spf13/jwalterweatherman v1.1.0/go.mod h1:aNWZUN0dPAAO/Ljvb5BEdw96iTZ0EXowPYD95IqWIGo=
github.com/spf13/pflag v1.0.5 h1:iy+VFUOCP1a+8yFto/drg2CJ5u0yRoB7fZw3DKv/JXA=
github.com/spf13/pflag v1.0.5/go.mod h1:McXfInJRrz4CZXVZOBLb0bTZqETkiAhM9Iw0y3An2Bg=
github.com/spf13/viper v1.10.1 h1:nuJZuYpG7gTj/XqiUwg8bA0cp1+M2mC3J4g5luUYBKk=
github.com/spf13/viper v1.10.1/go.mod h1:IGlFPqhNAPKRxohIzWpI5QEy4kuI7tcl5WvR+8qy1rU=
github.com/stretchr/testify v1.7.0 h1:nwc3DEeHmmLAfoZucVR881uASk0Mfjw8xYJ99tb5CcY=
github.com/stretchr/testify v1.7.0/go.mod h1:6Fq8oRcR53rry900zMqJjRRixrwX3KX962/h/Wwjteg=
github.com/subosito/gotenv v1.2.0 h1:Slr1R9HxAlEKefgq5jn9U+DnETlIUa6HfgEzj0g5d7s=
github.com/subosito/gotenv v1.2.0/go.mod h1:N0PQaV/YGNqwC0u51sEeR/aUtSLEXKX9iv69rRypqCw=
github.com/tinylib/msgp v1.1.6 h1:i+SbKraHhnrf9M5MYmvQhFnbLhAXSDWF8WWsuyRdocw=
github.com/tinylib/msgp v1.1.6/go.mod h1:75BAfg2hauQhs3qedfdDZmWAPcFMAvJE5b9rGOMufyw=
github.com/valyala/bytebufferpool v1.0.0 h1:GqA5TC/0021Y/b9FG4Oi9Mr3q7XYx6KllzawFIhcdPw=
github.com/valyala/bytebufferpool v1.0.0/go.mod h1:6bBcMArwyJ5K/AmCkWv1jt77kVWyCJ6HpOuEn7z0Csc=
github.com/valyala/fasttemplate v1.2.1 h1:TVEnxayobAdVkhQfrfes2IzOB6o+z4roRkPF52WA1u4=
github.com/valyala/fasttemplate v1.2.1/go.mod h1:KHLXt3tVN2HBp8eijSv/kGJopbvo7S+qRAEEKiv+SiQ=
github.com/vincent-petithory/dataurl v1.0.0 h1:cXw+kPto8NLuJtlMsI152irrVw9fRDX8AbShPRpg2CI=
github.com/vincent-petithory/dataurl v1.0.0/go.mod h1:FHafX5vmDzyP+1CQATJn7WFKc9CvnvxyvZy6I1MrG/U=
github.com/vmihailenco/msgpack/v5 v5.3.5 h1:5gO0H1iULLWGhs2H5tbAHIZTV8/cYafcFOr9znI5mJU=
github.com/vmihailenco/msgpack/v5 v5.3.5/go.mod h1:7xyJ9e+0+9SaZT0Wt1RGleJXzli6Q/V5KbhBonMG9jc=
github.com/vmihailenco/tagparser/v2 v2.0.0 h1:y09buUbR+b5aycVFQs/g70pqKVZNBmxwAhO7/IwNM9g=
github.com/vmihailenco/tagparser/v2 v2.0.0/go.mod h1:Wri+At7QHww0WTrCBeu4J6bNtoV6mEfg5OIWRZA9qds=
github.com/wiggin77/cfg v1.0.2 h1:NBUX+iJRr+RTncTqTNvajHwzduqbhCQjEqxLHr6Fk7A=
github.com/wiggin77/cfg v1.0.2/go.mod h1:b3gotba2e5bXTqTW48DwIFoLc+4lWKP7WPi/CdvZ4aE=
github.com/wiggin77/merror v1.0.3 h1:8+ZHV+aSnJoYghE3EUThl15C6rvF2TYRSvOSBjdmNR8=
github.com/wiggin77/merror v1.0.3/go.mod h1:H2ETSu7/bPE0Ymf4bEwdUoo73OOEkdClnoRisfw0Nm0=
github.com/wiggin77/srslog v1.0.1 h1:gA2XjSMy3DrRdX9UqLuDtuVAAshb8bE1NhX1YK0Qe+8=
github.com/wiggin77/srslog v1.0.1/go.mod h1:fehkyYDq1QfuYn60TDPu9YdY2bB85VUW2mvN1WynEls=
github.com/writeas/go-strip-markdown v2.0.1+incompatible h1:IIqxTM5Jr7RzhigcL6FkrCNfXkvbR+Nbu1ls48pXYcw=
github.com/writeas/go-strip-markdown v2.0.1+incompatible/go.mod h1:Rsyu10ZhbEK9pXdk8V6MVnZmTzRG0alMNLMwa0J01fE=
github.com/yaegashi/msgraph.go v0.1.4 h1:leDXSczAbwBpYFSmmZrdByTiPoUw8dbTfNMetAjJvbw=
github.com/yaegashi/msgraph.go v0.1.4/go.mod h1:vgeYhHa5skJt/3lTyjGXThTZhwbhRnGo6uUxzoJIGME=
github.com/zfjagann/golang-ring v0.0.0-20210116075443-7c86fdb43134 h1:itYC8Ycx8aVBN7a8q1Yr187W5WmQthvYU13+f4rOWkU=
github.com/zfjagann/golang-ring v0.0.0-20210116075443-7c86fdb43134/go.mod h1:0MsIttMJIF/8Y7x0XjonJP7K99t3sR6bjj4m5S4JmqU=
go.mau.fi/libsignal v0.0.0-20211109153248-a67163214910 h1:9FFhG0OmkuMau5UEaTgiUQ+7cSbtbOQ7hiWKdN8OI3I=
go.mau.fi/libsignal v0.0.0-20211109153248-a67163214910/go.mod h1:AufGrvVh+00Nc07Jm4hTquh7yleZyn20tKJI2wCPAKg=
go.mau.fi/whatsmeow v0.0.0-20220128124639-e64fb976bf15 h1:BmdZu7K6IHsb+sPxvzkEjAINKxTMNeSiJRe1cvfesIY=
go.mau.fi/whatsmeow v0.0.0-20220128124639-e64fb976bf15/go.mod h1:8jUjOAi3xtGubxcZgG8uSHpAdyQXBRbWAfxkctX/4y4=
go.uber.org/atomic v1.9.0 h1:ECmE8Bn/WFTYwEW/bpKD3M8VtR/zQVbavAoalC1PYyE=
go.uber.org/atomic v1.9.0/go.mod h1:fEN4uk6kAWBTFdckzkM89CLk9XfWZrxpCo0nPH17wJc=
go.uber.org/multierr v1.7.0 h1:zaiO/rmgFjbmCXdSYJWQcdvOCsthmdaHfr3Gm2Kx4Ec=
go.uber.org/multierr v1.7.0/go.mod h1:7EAYxJLBy9rStEaz58O2t4Uvip6FSURkq8/ppBp95ak=
go.uber.org/zap v1.17.0 h1:MTjgFu6ZLKvY6Pvaqk97GlxNBuMpV4Hy/3P6tRGlI2U=
go.uber.org/zap v1.17.0/go.mod h1:MXVU+bhUf/A7Xi2HNOnopQOrmycQ5Ih87HtOu4q5SSo=
golang.org/x/crypto v0.0.0-20211117183948-ae814b36b871 h1:/pEO3GD/ABYAjuakUS6xSEmmlyVS4kxBNkeA9tLJiTI=
golang.org/x/crypto v0.0.0-20211117183948-ae814b36b871/go.mod h1:IxCIyHEi3zRg3s0A5j5BB6A9Jmi73HwBIUl50j+osU4=
golang.org/x/image v0.0.0-20220302094943-723b81ca9867 h1:TcHcE0vrmgzNH1v3ppjcMGbhG5+9fMuvOmUYwNEF4q4=
golang.org/x/image v0.0.0-20220302094943-723b81ca9867/go.mod h1:023OzeP/+EPmXeapQh35lcL3II3LrY8Ic+EFFKVhULM=
golang.org/x/mod v0.5.1 h1:OJxoQ/rynoF0dcCdI7cLPktw/hR2cueqYfjm43oqK38=
golang.org/x/mod v0.5.1/go.mod h1:5OXOZSfqPIIbmVBIIKWRFfZjPR0E5r58TLhUjH0a2Ro=
golang.org/x/net v0.0.0-20220127200216-cd36cc0744dd h1:O7DYs+zxREGLKzKoMQrtrEacpb0ZVXA5rIwylE2Xchk=
golang.org/x/net v0.0.0-20220127200216-cd36cc0744dd/go.mod h1:CfG3xpIq0wQ8r1q4Su4UZFWDARRcnwPjda9FqA0JpMk=
golang.org/x/oauth2 v0.0.0-20220309155454-6242fa91716a h1:qfl7ob3DIEs3Ml9oLuPwY2N04gymzAW04WsUQHIClgM=
golang.org/x/oauth2 v0.0.0-20220309155454-6242fa91716a/go.mod h1:DAh4E804XQdzx2j+YRIaUnCqCV2RuMz24cGBJ5QYIrc=
golang.org/x/sys v0.0.0-20211216021012-1d35b9e2eb4e h1:fLOSk5Q00efkSvAm+4xcoXD+RRmLmmulPn5I3Y9F2EM=
golang.org/x/sys v0.0.0-20211216021012-1d35b9e2eb4e/go.mod h1:oPkhp1MJrh7nUepCBck5+mAzfO9JrbApNNgaTdGDITg=
golang.org/x/term v0.0.0-20210927222741-03fcf44c2211 h1:JGgROgKl9N8DuW20oFS5gxc+lE67/N3FcwmBPMe7ArY=
golang.org/x/term v0.0.0-20210927222741-03fcf44c2211/go.mod h1:jbD1KX2456YbFQfuXm/mYQcufACuNUgVhRMnK/tPxf8=
golang.org/x/text v0.3.7 h1:olpwvP2KacW1ZWvsR7uQhoyTYvKAupfQrRGBFM352Gk=
golang.org/x/text v0.3.7/go.mod h1:u+2+/6zg+i71rQMx5EYifcz6MCKuco9NR6JIITiCfzQ=
golang.org/x/time v0.0.0-20201208040808-7e3f01d25324 h1:Hir2P/De0WpUhtrKGGjvSb2YxUgyZ7EFOSLIcSSpiwE=
golang.org/x/time v0.0.0-20201208040808-7e3f01d25324/go.mod h1:tRJNPiyCQ0inRvYxbN9jk5I+vvW/OXSQhTDSoE431IQ=
golang.org/x/tools v0.1.7 h1:6j8CgantCy3yc8JGBqkDLMKWqZ0RDU2g1HVgacojGWQ=
golang.org/x/tools v0.1.7/go.mod h1:LGqMHiF4EqQNHR1JncWGqT5BVaXmza+X+BDGol+dOxo=
golang.org/x/xerrors v0.0.0-20200804184101-5ec99f83aff1 h1:go1bK/D/BFZV2I8cIQd1NKEZ+0owSTG1fDTci4IqFcE=
golang.org/x/xerrors v0.0.0-20200804184101-5ec99f83aff1/go.mod h1:I/5z698sn9Ka8TeJc9MKroUUfqBBauWjQqLJ2OPfmY0=
gomod.garykim.dev/nc-talk v0.3.0 h1:MZxLc/gX2/+bdOw4xt6pi+qQFUQld1woGfw1hEJ0fbM=
gomod.garykim.dev/nc-talk v0.3.0/go.mod h1:q/Adot/H7iqi+H4lANopV7/xcMf+sX3AZXUXqiITwok=
google.golang.org/appengine v1.6.7 h1:FZR1q0exgwxzPzp/aF+VccGrSfxfPpkBqjIIEq3ru6c=
google.golang.org/appengine v1.6.7/go.mod h1:8WjMMxjGQR8xUklV/ARdw2HLXBOI7O7uCIDZVag1xfc=
google.golang.org/protobuf v1.27.1 h1:SnqbnDw1V7RiZcXPx5MEeqPv2s79L9i7BJUlG/+RurQ=
google.golang.org/protobuf v1.27.1/go.mod h1:9q0QmTI4eRPtz6boOQmLYwt+qCgq0jsYwAQnmE0givc=
gopkg.in/ini.v1 v1.66.2 h1:XfR1dOYubytKy4Shzc2LHrrGhU0lDCfDGG1yLPmpgsI=
gopkg.in/ini.v1 v1.66.2/go.mod h1:pNLf8WUiyNEtQjuu5G5vTm06TEv9tsIgeAvK8hOrP4k=
gopkg.in/natefinch/lumberjack.v2 v2.0.0 h1:1Lc07Kr7qY4U2YPouBjpCLxpiyxIVoxqXgkXLknAOE8=
gopkg.in/natefinch/lumberjack.v2 v2.0.0/go.mod h1:l0ndWWf7gzL7RNwBG7wST/UCcT4T24xpD6X8LsfU/+k=
gopkg.in/olahol/melody.v1 v1.0.0-20170518105555-d52139073376 h1:sY2a+y0j4iDrajJcorb+a0hJIQ6uakU5gybjfLWHlXo=
gopkg.in/olahol/melody.v1 v1.0.0-20170518105555-d52139073376/go.mod h1:BHKOc1m5wm8WwQkMqYBoo4vNxhmF7xg8+xhG8L+Cy3M=
gopkg.in/yaml.v2 v2.4.0 h1:D8xgwECY7CYvx+Y2n4sBz93Jn9JRvxdiyyo8CTfuKaY=
gopkg.in/yaml.v2 v2.4.0/go.mod h1:RDklbk79AGWmwhnvt/jBztapEOGDOx6ZbXqjP6csGnQ=
gopkg.in/yaml.v3 v3.0.0-20210107192922-496545a6307b h1:h8qDotaEPuJATrMmW04NCwg7v22aHH28wwpauUhK9Oo=
gopkg.in/yaml.v3 v3.0.0-20210107192922-496545a6307b/go.mod h1:K4uyk7z7BCEPqu6E+C64Yfv1cQ7kz7rIZviUmN+EgEM=
layeh.com/gumble v0.0.0-20200818122324-146f9205029b h1:Kne6wkHqbqrygRsqs5XUNhSs84DFG5TYMeCkCbM56sY=
layeh.com/gumble v0.0.0-20200818122324-146f9205029b/go.mod h1:tWPVA9ZAfImNwabjcd9uDE+Mtz0Hfs7a7G3vxrnrwyc=
lukechampine.com/uint128 v1.1.1 h1:pnxCASz787iMf+02ssImqk6OLt+Z5QHMoZyUXR4z6JU=
lukechampine.com/uint128 v1.1.1/go.mod h1:c4eWIwlEGaxC/+H1VguhU4PHXNWDCDMUlWdIWl2j1gk=
modernc.org/cc/v3 v3.35.22 h1:BzShpwCAP7TWzFppM4k2t03RhXhgYqaibROWkrWq7lE=
modernc.org/cc/v3 v3.35.22/go.mod h1:iPJg1pkwXqAV16SNgFBVYmggfMg6xhs+2oiO0vclK3g=
modernc.org/ccgo/v3 v3.15.1 h1:bagyhO7uFlYWedkh6mfIYf8LZGYnVGPYh2FqXisaOV4=
modernc.org/ccgo/v3 v3.15.1/go.mod h1:md59wBwDT2LznX/OTCPoVS6KIsdRgY8xqQwBV+hkTH0=
modernc.org/libc v1.14.1 h1:rwx9uVJU/fEmsmV5ECGRwdAiXgUm6k6tsFA+L8kQb6E=
modernc.org/libc v1.14.1/go.mod h1:npFeGWjmZTjFeWALQLrvklVmAxv4m80jnG3+xI8FdJk=
modernc.org/mathutil v1.4.1 h1:ij3fYGe8zBF4Vu+g0oT7mB06r8sqGWKuJu1yXeR4by8=
modernc.org/mathutil v1.4.1/go.mod h1:mZW8CKdRPY1v87qxC/wUdX5O1qDzXMP5TH3wjfpga6E=
modernc.org/memory v1.0.5 h1:XRch8trV7GgvTec2i7jc33YlUI0RKVDBvZ5eZ5m8y14=
modernc.org/memory v1.0.5/go.mod h1:B7OYswTRnfGg+4tDH1t1OeUNnsy2viGTdME4tzd+IjM=
modernc.org/opt v0.1.1 h1:/0RX92k9vwVeDXj+Xn23DKp2VJubL7k8qNffND6qn3A=
modernc.org/opt v0.1.1/go.mod h1:WdSiB5evDcignE70guQKxYUl14mgWtbClRi5wmkkTX0=
modernc.org/sqlite v1.14.5 h1:bYrrjwH9Y7QUGk1MbchZDhRfmpGuEAs/D45sVjNbfvs=
modernc.org/sqlite v1.14.5/go.mod h1:YyX5Rx0WbXokitdWl2GJIDy4BrPxBP0PwwhpXOHCDLE=
modernc.org/strutil v1.1.1 h1:xv+J1BXY3Opl2ALrBwyfEikFAj8pmqcpnfmuwUwcozs=
modernc.org/strutil v1.1.1/go.mod h1:DE+MQQ/hjKBZS2zNInV5hhcipt5rLPWkmpbGeW5mmdw=
modernc.org/token v1.0.0 h1:a0jaWiNMDhDUtqOj09wvjWWAqd3q7WpBulmL9H2egsk=
modernc.org/token v1.0.0/go.mod h1:UGzOrNV1mAFSEB63lOFHIpNRUVMvYTc6yu1SMY/XTDM=
rsc.io/qr v0.2.0 h1:6vBLea5/NRMVTz8V66gipeLycZMl/+UlFmk8DvqQ6WY=
rsc.io/qr v0.2.0/go.mod h1:IF+uZjkb9fqyeF/4tlBoynqmQxUoPfWEKh921coOuXs=
