github.com/42wim/go-gitter v0.0.0-20170828205020-017310c2d557 h1:IZtuWGfzQnKnCSu+vl8WGLhpVQ5Uvy3rlSwqXSg+sQg=
github.com/42wim/go-gitter v0.0.0-20170828205020-017310c2d557/go.mod h1:jL0YSXMs/txjtGJ4PWrmETOk6KUHMDPMshgQZlTeB3Y=
github.com/BurntSushi/toml v0.0.0-20170318202913-d94612f9fc14 h1:v/zr4ns/4sSahF9KBm4Uc933bLsEEv7LuT63CJ019yo=
github.com/BurntSushi/toml v0.0.0-20170318202913-d94612f9fc14/go.mod h1:xHWCNGjB5oqiDr8zfno3MHue2Ht5sIBksp03qcyfWMU=
github.com/Philipp15b/go-steam v0.0.0-20161020161927-e0f3bb9566e3 h1:V4+1E1SRYUySqwOoI3ZphFADtabbF568zTHa5ix/zU0=
github.com/Philipp15b/go-steam v0.0.0-20161020161927-e0f3bb9566e3/go.mod h1:HuVM+sZFzumUdKPWiz+IlCMb4RdsKdT3T+nQBKL+sYg=
github.com/alecthomas/log4go v0.0.0-20160307011253-e5dc62318d9b h1:1OpGXps6UOY5HtQaQcLowsV1qMWCNBzhFvK7q4fgXtc=
github.com/alecthomas/log4go v0.0.0-20160307011253-e5dc62318d9b/go.mod h1:iCVmQ9g4TfaRX5m5jq5sXY7RXYWPv9/PynM/GocbG3w=
github.com/bwmarrin/discordgo v0.19.0 h1:kMED/DB0NR1QhRcalb85w0Cu3Ep2OrGAqZH1R5awQiY=
github.com/bwmarrin/discordgo v0.19.0/go.mod h1:O9S4p+ofTFwB02em7jkpkV8M3R0/PUVOwN61zSZ0r4Q=
github.com/davecgh/go-spew v1.1.1 h1:vj9j/u1bqnvCEfJOwUhtlOARqs3+rkHYY13jYWTU97c=
github.com/davecgh/go-spew v1.1.1/go.mod h1:J7Y8YcW2NihsgmVo/mv3lAwl/skON4iLHjSsI+c5H38=
github.com/dfordsoft/golib v0.0.0-20180313113957-2ea3495aee1d h1:rONNnZDE5CYuaSFQk+gP4GEQTXEUcyQ5p6p/dgxIHas=
github.com/dfordsoft/golib v0.0.0-20180313113957-2ea3495aee1d/go.mod h1:UGa5M2Sz/Uh13AMse4+RELKCDw7kqgqlTjeGae+7vUY=
github.com/dgrijalva/jwt-go v0.0.0-20170508165458-6c8dedd55f8a h1:MuHMeSsXbNEeUyxjB7T9P8s1+5k8OLTC/M27qsVwixM=
github.com/dgrijalva/jwt-go v0.0.0-20170508165458-6c8dedd55f8a/go.mod h1:E3ru+11k8xSBh+hMPgOLZmtrrCbhqsmaPHjLKYnJCaQ=
github.com/fsnotify/fsnotify v1.4.7 h1:IXs+QLmnXW2CcXuY+8Mzv/fWEsPGWxqefPtCP5CnV9I=
github.com/fsnotify/fsnotify v1.4.7/go.mod h1:jwhsz4b93w/PPRr/qN1Yymfu8t87LnFCMoQvtojpjFo=
github.com/go-telegram-bot-api/telegram-bot-api v0.0.0-20180428185002-212b1541150c h1:3gMh737vMGqAkkkSfNbwjO8VRHOSaCjYRG4y9xVMEIQ=
github.com/go-telegram-bot-api/telegram-bot-api v0.0.0-20180428185002-212b1541150c/go.mod h1:qf9acutJ8cwBUhm1bqgz6Bei9/C/c93FPDljKWwsOgM=
github.com/golang/protobuf v0.0.0-20170613224224-e325f446bebc h1:wdhDSKrkYy24mcfzuA3oYm58h0QkyXjwERCkzJDP5kA=
github.com/golang/protobuf v0.0.0-20170613224224-e325f446bebc/go.mod h1:6lQm79b+lXiMfvg/cZm0SGofjICqVBUtrP5yJMmIC1U=
github.com/google/gops v0.0.0-20170319002943-62f833fc9f6c h1:MrMA1vhRTNidtgENqmsmLOIUS6ixMBOU/g10rm7IUe8=
github.com/google/gops v0.0.0-20170319002943-62f833fc9f6c/go.mod h1:pMQgrscwEK/aUSW1IFSaBPbJX82FPHWaSoJw1axQfD0=
github.com/gopherjs/gopherjs v0.0.0-20180628210949-0892b62f0d9f h1:FDM3EtwZLyhW48YRiyqjivNlNZjAObv4xt4NnJaU+NQ=
github.com/gopherjs/gopherjs v0.0.0-20180628210949-0892b62f0d9f/go.mod h1:wJfORRmW1u3UXTncJ5qlYoELFm8eSnnEO6hX4iZ3EWY=
github.com/gorilla/schema v0.0.0-20170317173100-f3c80893412c h1:mORYpib1aLu3M2Oi50Z1pNTXuDJEHcoLb6oo6VdOutk=
github.com/gorilla/schema v0.0.0-20170317173100-f3c80893412c/go.mod h1:kgLaKoK1FELgZqMAVxx/5cbj0kT+57qxUrAlIO2eleU=
github.com/gorilla/websocket v1.4.0 h1:WDFjx/TMzVgy9VdMMQi2K2Emtwi2QcUQsztZ/zLaH/Q=
github.com/gorilla/websocket v1.4.0/go.mod h1:E7qHFY5m1UJ88s3WnNqhKjPHQ0heANvMoAMk2YaljkQ=
github.com/hashicorp/golang-lru v0.0.0-20160813221303-0a025b7e63ad h1:eMxs9EL0PvIGS9TTtxg4R+JxuPGav82J8rA+GFnY7po=
github.com/hashicorp/golang-lru v0.0.0-20160813221303-0a025b7e63ad/go.mod h1:/m3WP610KZHVQ1SGc6re/UDhFvYD7pJ4Ao+sR/qLZy8=
github.com/hashicorp/hcl v0.0.0-20171017181929-23c074d0eceb h1:1OvvPvZkn/yCQ3xBcM8y4020wdkMXPHLB4+NfoGWh4U=
github.com/hashicorp/hcl v0.0.0-20171017181929-23c074d0eceb/go.mod h1:oZtUIOe8dh44I2q6ScRibXws4Ajl+d+nod3AaR9vL5w=
github.com/hpcloud/tail v1.0.0 h1:nfCOvKYfkgYP8hkirhJocXT2+zOD8yUNjXaWfTlyFKI=
github.com/hpcloud/tail v1.0.0/go.mod h1:ab1qPbhIpdTxEkNHXyeSf5vhxWSCs/tWer42PpOxQnU=
github.com/jpillora/backoff v0.0.0-20170222002228-06c7a16c845d h1:ETeT81zgLgSNc4BWdDO2Fg9ekVItYErbNtE8mKD2pJA=
github.com/jpillora/backoff v0.0.0-20170222002228-06c7a16c845d/go.mod h1:2iMrUgbbvHEiQClaW2NsSzMyGHqN+rDFqY705q49KG0=
github.com/jtolds/gls v4.2.1+incompatible h1:fSuqC+Gmlu6l/ZYAoZzx2pyucC8Xza35fpRVWLVmUEE=
github.com/jtolds/gls v4.2.1+incompatible/go.mod h1:QJZ7F/aHp+rZTRtaJ1ow/lLfFfVYBRgL+9YlvaHOwJU=
github.com/kardianos/osext v0.0.0-20170207191655-9b883c5eb462 h1:oSOOTPHkCzMeu1vJ0nHxg5+XZBdMMjNa+6NPnm8arok=
github.com/kardianos/osext v0.0.0-20170207191655-9b883c5eb462/go.mod h1:1NbS8ALrpOvjt0rHPNLyCIeMtbizbir8U//inJ+zuB8=
github.com/konsorten/go-windows-terminal-sequences v1.0.1 h1:mweAR1A6xJ3oS2pRaGiHgQ4OO8tzTaLawm8vnODuwDk=
github.com/konsorten/go-windows-terminal-sequences v1.0.1/go.mod h1:T0+1ngSBFLxvqU3pZ+m/2kptfBszLMUkC4ZK/EgS/cQ=
github.com/kr/pretty v0.1.0 h1:L/CwN0zerZDmRFUapSPitk6f+Q3+0za1rQkzVuMiMFI=
github.com/kr/pretty v0.1.0/go.mod h1:dAy3ld7l9f0ibDNOQOHHMYYIIbhfbHSm3C4ZsoJORNo=
github.com/kr/pty v1.1.1/go.mod h1:pFQYn66WHrOpPYNljwOMqo10TkYh1fy3cYio2l3bCsQ=
github.com/kr/text v0.1.0 h1:45sCR5RtlFHMR4UwH9sdQ5TC8v0qDQCHnXt+kaKSTVE=
github.com/kr/text v0.1.0/go.mod h1:4Jbv+DJW3UT/LiOwJeYQe1efqtUx/iVham/4vfdArNI=
github.com/labstack/echo v0.0.0-20180219162101-7eec915044a1 h1:cOIt0LZKdfeirAfTP4VtIJuWbjVTGtd1suuPXp/J+dE=
github.com/labstack/echo v0.0.0-20180219162101-7eec915044a1/go.mod h1:0INS7j/VjnFxD4E2wkz67b8cVwCLbBmJyDaka6Cmk1s=
github.com/labstack/gommon v0.2.1 h1:C+I4NYknueQncqKYZQ34kHsLZJVeB5KwPUhnO0nmbpU=
github.com/labstack/gommon v0.2.1/go.mod h1:/tj9csK2iPSBvn+3NLM9e52usepMtrd5ilFYA+wQNJ4=
github.com/lrstanley/girc v0.0.0-20180913221000-0fb5b684054e h1:RpktB2igr6nS1EN7bCvjldAEfngrM5GyAbmOa4/cafU=
github.com/lrstanley/girc v0.0.0-20180913221000-0fb5b684054e/go.mod h1:7cRs1SIBfKQ7e3Tam6GKTILSNHzR862JD0JpINaZoJk=
github.com/lusis/go-slackbot v0.0.0-20180109053408-401027ccfef5 h1:AsEBgzv3DhuYHI/GiQh2HxvTP71HCCE9E/tzGUzGdtU=
github.com/lusis/go-slackbot v0.0.0-20180109053408-401027ccfef5/go.mod h1:c2mYKRyMb1BPkO5St0c/ps62L4S0W2NAkaTXj9qEI+0=
github.com/lusis/slack-test v0.0.0-20180109053238-3c758769bfa6 h1:iOAVXzZyXtW408TMYejlUPo6BIn92HmOacWtIfNyYns=
github.com/lusis/slack-test v0.0.0-20180109053238-3c758769bfa6/go.mod h1:sFlOUpQL1YcjhFVXhg1CG8ZASEs/Mf1oVb6H75JL/zg=
github.com/magiconair/properties v0.0.0-20180217134545-2c9e95027885 h1:HWxJJvF+QceKcql4r9PC93NtMEgEBfBxlQrZPvbcQvs=
github.com/magiconair/properties v0.0.0-20180217134545-2c9e95027885/go.mod h1:PppfXfuXeibc/6YijjN8zIbojt8czPbwD3XqdrwzmxQ=
github.com/matterbridge/go-xmpp v0.0.0-20180529212104-cd19799fba91 h1:KzDEcy8eDbTx881giW8a6llsAck3e2bJvMyKvh1IK+k=
github.com/matterbridge/go-xmpp v0.0.0-20180529212104-cd19799fba91/go.mod h1:ECDRehsR9TYTKCAsRS8/wLeOk6UUqDydw47ln7wG41Q=
github.com/matterbridge/gomatrix v0.0.0-20171224233421-78ac6a1a0f5f h1:2eKh6Qi/sJ8bXvYMoyVfQxHgR8UcCDWjOmhV1oCstMU=
github.com/matterbridge/gomatrix v0.0.0-20171224233421-78ac6a1a0f5f/go.mod h1:+jWeaaUtXQbBRdKYWfjW6JDDYiI2XXE+3NnTjW5kg8g=
github.com/matterbridge/gozulipbot v0.0.0-20180507190239-b6bb12d33544 h1:A8lLG3DAu75B5jITHs9z4JBmU6oCq1WiUNnDAmqKCZc=
github.com/matterbridge/gozulipbot v0.0.0-20180507190239-b6bb12d33544/go.mod h1:yAjnZ34DuDyPHMPHHjOsTk/FefW4JJjoMMCGt/8uuQA=
github.com/matterbridge/logrus-prefixed-formatter v0.0.0-20180806162718-01618749af61 h1:R/MgM/eUyRBQx2FiH6JVmXck8PaAuKfe2M1tWIzW7nE=
github.com/matterbridge/logrus-prefixed-formatter v0.0.0-20180806162718-01618749af61/go.mod h1:iXGEotOvwI1R1SjLxRc+BF5rUORTMtE0iMZBT2lxqAU=
github.com/mattermost/platform v4.6.2+incompatible h1:9WqKNuJFIp6SDYn5wl1RF5urdhEw8d7o5tAOwT1MW0A=
github.com/mattermost/platform v4.6.2+incompatible/go.mod h1:HjGKtkQNu3HXTOykPMQckMnH11WHvNvQqDBNnVXVbfM=
github.com/mattn/go-colorable v0.0.0-20170210172801-5411d3eea597 h1:hGizH4aMDFFt1iOA4HNKC13lqIBoCyxIjWcAnWIy7aU=
github.com/mattn/go-colorable v0.0.0-20170210172801-5411d3eea597/go.mod h1:9vuHe8Xs5qXnSaW/c/ABM9alt+Vo+STaOChaDxuIBZU=
github.com/mattn/go-isatty v0.0.0-20170216235908-dda3de49cbfc h1:pK7tzC30erKOTfEDCYGvPZQCkmM9X5iSmmAR5m9x3Yc=
github.com/mattn/go-isatty v0.0.0-20170216235908-dda3de49cbfc/go.mod h1:M+lRXTBqGeGNdLjl/ufCoiOlB5xdOkqRJdNxMWT7Zi4=
github.com/mgutz/ansi v0.0.0-20170206155736-9520e82c474b h1:j7+1HpAFS1zy5+Q4qx1fWh90gTKwiN4QCGoY9TWyyO4=
github.com/mgutz/ansi v0.0.0-20170206155736-9520e82c474b/go.mod h1:01TrycV0kFyexm33Z7vhZRXopbI8J3TDReVlkTgMUxE=
github.com/mitchellh/mapstructure v0.0.0-20180220230111-00c29f56e238 h1:+MZW2uvHgN8kYvksEN3f7eFL2wpzk0GxmlFsMybWc7E=
github.com/mitchellh/mapstructure v0.0.0-20180220230111-00c29f56e238/go.mod h1:FVVH3fgwuzCH5S8UJGiWEs2h04kUh9fWfEaFds41c1Y=
github.com/mreiferson/go-httpclient v0.0.0-20160630210159-31f0106b4474 h1:oKIteTqeSpenyTrOVj5zkiyCaflLa8B+CD0324otT+o=
github.com/mreiferson/go-httpclient v0.0.0-20160630210159-31f0106b4474/go.mod h1:OQA4XLvDbMgS8P0CevmM4m9Q3Jq4phKUzcocxuGJ5m8=
github.com/mrexodia/wray v0.0.0-20160318003008-78a2c1f284ff h1:HLGD5/9UxxfEuO9DtP8gnTmNtMxbPyhYltfxsITel8g=
github.com/mrexodia/wray v0.0.0-20160318003008-78a2c1f284ff/go.mod h1:B8jLfIIPn2sKyWr0D7cL2v7tnrDD5z291s2Zypdu89E=
github.com/nicksnyder/go-i18n v1.4.0 h1:AgLl+Yq7kg5OYlzCgu9cKTZOyI4tD/NgukKqLqC8E+I=
github.com/nicksnyder/go-i18n v1.4.0/go.mod h1:HrK7VCrbOvQoUAQ7Vpy7i87N7JZZZ7R2xBGjv0j365Q=
github.com/nlopes/slack v0.4.0 h1:OVnHm7lv5gGT5gkcHsZAyw++oHVFihbjWbL3UceUpiA=
github.com/nlopes/slack v0.4.0/go.mod h1:jVI4BBK3lSktibKahxBF74txcK2vyvkza1z/+rRnVAM=
github.com/onsi/ginkgo v1.6.0 h1:Ix8l273rp3QzYgXSR+c8d1fTG7UPgYkOSELPhiY/YGw=
github.com/onsi/ginkgo v1.6.0/go.mod h1:lLunBs/Ym6LB5Z9jYTR76FiuTmxDTDusOGeTQH+WWjE=
github.com/onsi/gomega v1.4.1 h1:PZSj/UFNaVp3KxrzHOcS7oyuWA7LoOY/77yCTEFu21U=
github.com/onsi/gomega v1.4.1/go.mod h1:C1qb7wdrVGGVU+Z6iS04AVkA3Q65CEZX59MT0QO5uiA=
github.com/paulrosania/go-charset v0.0.0-20151028000031-621bb39fcc83 h1:XQonH5Iv5rbyIkMJOQ4xKmKHQTh8viXtRSmep5Ca5I4=
github.com/paulrosania/go-charset v0.0.0-20151028000031-621bb39fcc83/go.mod h1:YnNlZP7l4MhyGQ4CBRwv6ohZTPrUJJZtEv4ZgADkbs4=
github.com/pborman/uuid v0.0.0-20160216163710-c55201b03606 h1:/CPgDYrfeK2LMK6xcUhvI17yO9SlpAdDIJGkhDEgO8A=
github.com/pborman/uuid v0.0.0-20160216163710-c55201b03606/go.mod h1:VyrYX9gd7irzKovcSS6BIIEwPRkP2Wm2m9ufcdFSJ34=
github.com/pelletier/go-toml v0.0.0-20180228233631-05bcc0fb0d3e h1:ZW8599OjioQsmBbkGpyruHUlRVQceYFWnJsGr4NCkiA=
github.com/pelletier/go-toml v0.0.0-20180228233631-05bcc0fb0d3e/go.mod h1:5z9KED0ma1S8pY6P1sdut58dfprrGBbd/94hg7ilaic=
github.com/peterhellberg/emojilib v0.0.0-20170616163716-41920917e271 h1:wQ9lVx75za6AT2kI0S9QID0uWuwTWnvcTfN+uw1F8vg=
github.com/peterhellberg/emojilib v0.0.0-20170616163716-41920917e271/go.mod h1:G7LufuPajuIvdt9OitkNt2qh0mmvD4bfRgRM7bhDIOA=
github.com/pkg/errors v0.8.0 h1:WdK/asTD0HN+q6hsWO3/vpuAkAr+tw6aNJNDFFf0+qw=
github.com/pkg/errors v0.8.0/go.mod h1:bwawxfHBFNV+L2hUp1rHADufV3IMtnDRdf1r5NINEl0=
github.com/pmezard/go-difflib v1.0.0 h1:4DBwDE0NGyQoBHbLQYPwSUPoCMWR5BEzIk/f1lZbAQM=
github.com/pmezard/go-difflib v1.0.0/go.mod h1:iKH77koFhYxTK1pcRnkKkqfTogsbg7gZNVY4sRDYZ/4=
github.com/rs/xid v0.0.0-20180525034800-088c5cf1423a h1:UWKek6MK3K6/TpbsFcv+8rrO6rSc6KKSp2FbMOHWsq4=
github.com/rs/xid v0.0.0-20180525034800-088c5cf1423a/go.mod h1:+uKXf+4Djp6Md1KODXJxgGQPKngRmWyn10oCKFzNHOQ=
github.com/russross/blackfriday v2.0.0+incompatible h1:cBXrhZNUf9C+La9/YpS+UHpUT8YD6Td9ZMSU9APFcsk=
github.com/russross/blackfriday v2.0.0+incompatible/go.mod h1:JO/DiYxRf+HjHt06OyowR9PTA263kcR/rfWxYHBV53g=
github.com/saintfish/chardet v0.0.0-20120816061221-3af4cd4741ca h1:NugYot0LIVPxTvN8n+Kvkn6TrbMyxQiuvKdEwFdR9vI=
github.com/saintfish/chardet v0.0.0-20120816061221-3af4cd4741ca/go.mod h1:uugorj2VCxiV1x+LzaIdVa9b4S4qGAcH6cbhh4qVxOU=
github.com/shazow/rateio v0.0.0-20150116013248-e8e00881e5c1 h1:Lx3BlDGFElJt4u/zKc9A3BuGYbQAGlEFyPuUA3jeMD0=
github.com/shazow/rateio v0.0.0-20150116013248-e8e00881e5c1/go.mod h1:vt2jWY/3Qw1bIzle5thrJWucsLuuX9iUNnp20CqCciI=
github.com/shazow/ssh-chat v0.0.0-20171012174035-2078e1381991 h1:PQiUTDzUC5EUh0vNurK7KQS22zlKqLLOFn+K9nJXDQQ=
github.com/shazow/ssh-chat v0.0.0-20171012174035-2078e1381991/go.mod h1:KwtnpMClmrXsHCKTbRui5xBUNt17n1GGrGhdiw2KcoY=
github.com/shurcooL/sanitized_anchor_name v0.0.0-20170918181015-86672fcb3f95 h1:/vdW8Cb7EXrkqWGufVMES1OH2sU9gKVb2n9/1y5NMBY=
github.com/shurcooL/sanitized_anchor_name v0.0.0-20170918181015-86672fcb3f95/go.mod h1:1NzhyTcUVG4SuEtjjoZeVRXNmyL/1OwPU0+IJeTBvfc=
github.com/sirupsen/logrus v1.2.0 h1:juTguoYk5qI21pwyTXY3B3Y5cOTH3ZUyZCg1v/mihuo=
github.com/sirupsen/logrus v1.2.0/go.mod h1:LxeOpSwHxABJmUn/MG1IvRgCAasNZTLOkJPxbbu5VWo=
github.com/smartystreets/assertions v0.0.0-20180803164922-886ec427f6b9 h1:lXQ+j+KwZcbwrbgU0Rp4Eglg3EJLHbuZU3BbOqAGBmg=
github.com/smartystreets/assertions v0.0.0-20180803164922-886ec427f6b9/go.mod h1:OnSkiWE9lh6wB0YB77sQom3nweQdgAjqCqsofrRNTgc=
github.com/smartystreets/goconvey v0.0.0-20180222194500-ef6db91d284a h1:JSvGDIbmil4Ui/dDdFBExb7/cmkNjyX5F97oglmvCDo=
github.com/smartystreets/goconvey v0.0.0-20180222194500-ef6db91d284a/go.mod h1:XDJAKZRPZ1CvBcN2aX5YOUTYGHki24fSF0Iv48Ibg0s=
github.com/spf13/afero v0.0.0-20180211162714-bbf41cb36dff h1:HLvGWId7M56TfuxTeZ6aoiTAcrWO5Mnq/ArwVRgV62I=
github.com/spf13/afero v0.0.0-20180211162714-bbf41cb36dff/go.mod h1:j4pytiNVoe2o6bmDsKpLACNPDBIoEAkihy7loJ1B0CQ=
github.com/spf13/cast v1.2.0 h1:HHl1DSRbEQN2i8tJmtS6ViPyHx35+p51amrdsiTCrkg=
github.com/spf13/cast v1.2.0/go.mod h1:r2rcYCSwa1IExKTDiTfzaxqT2FNHs8hODu4LnUfgKEg=
github.com/spf13/jwalterweatherman v0.0.0-20180109140146-7c0cea34c8ec h1:2ZXvIUGghLpdTVHR1UfvfrzoVlZaE/yOWC5LueIHZig=
github.com/spf13/jwalterweatherman v0.0.0-20180109140146-7c0cea34c8ec/go.mod h1:cQK4TGJAtQXfYWX+Ddv3mKDzgVb68N+wFjFa4jdeBTo=
github.com/spf13/pflag v0.0.0-20180220143236-ee5fd03fd6ac h1:+uzyQ0TQ3aKorQxsOjcDDgE7CuUXwpkKnK19LULQALQ=
github.com/spf13/pflag v0.0.0-20180220143236-ee5fd03fd6ac/go.mod h1:DYY7MBk1bdzusC3SYhjObp+wFpr4gzcvqqNjLnInEg4=
github.com/spf13/viper v0.0.0-20171227194143-aafc9e6bc7b7 h1:Wj4cg2M6Um7j1N7yD/mxsdy1/wrsdjzVha2eWdOhti8=
github.com/spf13/viper v0.0.0-20171227194143-aafc9e6bc7b7/go.mod h1:A8kyI5cUJhb8N+3pkfONlcEcZbueH6nhAm0Fq7SrnBM=
github.com/stretchr/objx v0.1.1 h1:2vfRuCMp5sSVIDSqO8oNnWJq7mPa6KVP3iPIwFBuy8A=
github.com/stretchr/objx v0.1.1/go.mod h1:HFkY916IF+rwdDfMAkV7OtwuqBVzrE8GR6GFx+wExME=
github.com/stretchr/testify v1.2.2 h1:bSDNvY7ZPG5RlJ8otE/7V6gMiyenm9RtJ7IUVIAoJ1w=
github.com/stretchr/testify v1.2.2/go.mod h1:a8OnRcib4nhh0OaRAV+Yts87kKdq0PP7pXfy6kDkUVs=
github.com/technoweenie/multipartstreamer v1.0.1 h1:XRztA5MXiR1TIRHxH2uNxXxaIkKQDeX7m2XsSOlQEnM=
github.com/technoweenie/multipartstreamer v1.0.1/go.mod h1:jNVxdtShOxzAsukZwTSw6MDx5eUJoiEBsSvzDU9uzog=
github.com/valyala/bytebufferpool v0.0.0-20160817181652-e746df99fe4a h1:AOcehBWpFhYPYw0ioDTppQzgI8pAAahVCiMSKTp9rbo=
github.com/valyala/bytebufferpool v0.0.0-20160817181652-e746df99fe4a/go.mod h1:6bBcMArwyJ5K/AmCkWv1jt77kVWyCJ6HpOuEn7z0Csc=
github.com/valyala/fasttemplate v0.0.0-20170224212429-dcecefd839c4 h1:gKMu1Bf6QINDnvyZuTaACm9ofY+PRh+5vFz4oxBZeF8=
github.com/valyala/fasttemplate v0.0.0-20170224212429-dcecefd839c4/go.mod h1:50wTf68f99/Zt14pr046Tgt3Lp2vLyFZKzbFXTOabXw=
github.com/x-cray/logrus-prefixed-formatter v0.5.2 h1:00txxvfBM9muc0jiLIEAkAcIMJzfthRT6usrui8uGmg=
github.com/x-cray/logrus-prefixed-formatter v0.5.2/go.mod h1:2duySbKsL6M18s5GU7VPsoEPHyzalCE06qoARUCeBBE=
github.com/zfjagann/golang-ring v0.0.0-20141111230621-17637388c9f6 h1:/WULP+6asFz569UbOwg87f3iDT7T+GF5/vjLmL51Pdk=
github.com/zfjagann/golang-ring v0.0.0-20141111230621-17637388c9f6/go.mod h1:0MsIttMJIF/8Y7x0XjonJP7K99t3sR6bjj4m5S4JmqU=
golang.org/x/crypto v0.0.0-20180904163835-0709b304e793/go.mod h1:6SG95UA2DQfeDnfUPMdvaQW0Q7yPrPDi9nlGo2tz2b4=
golang.org/x/crypto v0.0.0-20181030102418-4d3f4d9ffa16 h1:y6ce7gCWtnH+m3dCjzQ1PCuwl28DDIc3VNnvY29DlIA=
golang.org/x/crypto v0.0.0-20181030102418-4d3f4d9ffa16/go.mod h1:6SG95UA2DQfeDnfUPMdvaQW0Q7yPrPDi9nlGo2tz2b4=
golang.org/x/crypto v0.0.0-20181112202954-3d3f9f413869 h1:kkXA53yGe04D0adEYJwEVQjeBppL01Exg+fnMjfUraU=
golang.org/x/crypto v0.0.0-20181112202954-3d3f9f413869/go.mod h1:6SG95UA2DQfeDnfUPMdvaQW0Q7yPrPDi9nlGo2tz2b4=
golang.org/x/net v0.0.0-20180108090419-434ec0c7fe37 h1:BkNcmLtAVeWe9h5k0jt24CQgaG5vb4x/doFbAiEC/Ho=
golang.org/x/net v0.0.0-20180108090419-434ec0c7fe37/go.mod h1:mL1N/T3taQHkDXs73rZJwtUhF3w3ftmwwsq0BUmARs4=
golang.org/x/sync v0.0.0-20180314180146-1d60e4601c6f h1:wMNYb4v58l5UBM7MYRLPG6ZhfOqbKu7X5eyFl8ZhKvA=
golang.org/x/sync v0.0.0-20180314180146-1d60e4601c6f/go.mod h1:RxMgew5VJxzue5/jJTE5uejpjVlOe/izrB70Jof72aM=
golang.org/x/sys v0.0.0-20180905080454-ebe1bf3edb33/go.mod h1:STP8DvDyc/dI5b8T5hshtkjS+E42TnysNCUPdjciGhY=
golang.org/x/sys v0.0.0-20181116161606-93218def8b18 h1:Wh+XCfg3kNpjhdq2LXrsiOProjtQZKme5XUx7VcxwAw=
golang.org/x/sys v0.0.0-20181116161606-93218def8b18/go.mod h1:STP8DvDyc/dI5b8T5hshtkjS+E42TnysNCUPdjciGhY=
golang.org/x/text v0.0.0-20180511172408-5c1cf69b5978 h1:WNm0tmiuBMW4FJRuXKWOqaQfmKptHs0n8nTCyG0ayjc=
golang.org/x/text v0.0.0-20180511172408-5c1cf69b5978/go.mod h1:NqM8EUOU14njkJ3fqMW+pc6Ldnwhi/IjpwHt7yyuwOQ=
gopkg.in/check.v1 v1.0.0-20180628173108-788fd7840127 h1:qIbj1fsPNlZgppZ+VLlY7N33q108Sa+fhmuc+sWQYwY=
gopkg.in/check.v1 v1.0.0-20180628173108-788fd7840127/go.mod h1:Co6ibVJAznAaIkqp8huTwlJQCZ016jof/cbN4VW5Yz0=
gopkg.in/fsnotify.v1 v1.4.7 h1:xOHLXZwVvI9hhs+cLKq5+I5onOuwQLhQwiu63xxlHs4=
gopkg.in/fsnotify.v1 v1.4.7/go.mod h1:Tz8NjZHkW78fSQdbUxIjBTcgA1z1m8ZHf0WmKUhAMys=
gopkg.in/tomb.v1 v1.0.0-20141024135613-dd632973f1e7 h1:uRGJdciOHaEIrze2W8Q3AKkepLTh2hOroT7a+7czfdQ=
gopkg.in/tomb.v1 v1.0.0-20141024135613-dd632973f1e7/go.mod h1:dt/ZhP58zS4L8KSrWDmTeBkI65Dw0HsyUHuEVlX15mw=
gopkg.in/yaml.v2 v2.0.0-20160301204022-a83829b6f129 h1:RBgb9aPUbZ9nu66ecQNIBNsA7j3mB5h8PNDIfhPjaJg=
gopkg.in/yaml.v2 v2.0.0-20160301204022-a83829b6f129/go.mod h1:JAlM8MvJe8wmxCU4Bli9HhUf9+ttbYbLASfIpnQbh74=
